{
  "lockfile_version": "1",
  "packages": {
    "github:NixOS/nixpkgs/nixpkgs-unstable": {
      "last_modified": "2025-06-22T15:15:55Z",
      "resolved": "github:NixOS/nixpkgs/3078b9a9e75f1790e6d6ef9955fdc6a2d1740cc6?lastModified=1750605355&narHash=sha256-xT8cPLTxlktxI9vSdoBlAVK7dXgd8IK59j7ZwzkkhnI%3D"
    },
    "just@latest": {
      "last_modified": "2025-06-20T02:24:11Z",
      "resolved": "github:NixOS/nixpkgs/076e8c6678d8c54204abcb4b1b14c366835a58bb#just",
      "source": "devbox-search",
      "version": "1.40.0",
      "systems": {
        "aarch64-darwin": {
          "outputs": [
            {
              "name": "out",
              "path": "/nix/store/4v1457kd3dgip17z1ihdbmz75iw2pjr4-just-1.40.0",
              "default": true
            },
            {
              "name": "man",
              "path": "/nix/store/y03iqp8jsczmqkbqdwflkrmngzsxpygr-just-1.40.0-man",
              "default": true
            },
            {
              "name": "doc",
              "path": "/nix/store/x3bahjkn74r8pj3iimfxh4bx2mf8q3n2-just-1.40.0-doc"
            }
          ],
          "store_path": "/nix/store/4v1457kd3dgip17z1ihdbmz75iw2pjr4-just-1.40.0"
        },
        "aarch64-linux": {
          "outputs": [
            {
              "name": "out",
              "path": "/nix/store/gifnml1c5vyn5yyydmm72xfnbs9gz26x-just-1.40.0",
              "default": true
            },
            {
              "name": "man",
              "path": "/nix/store/iszvi2nz921mzzlv2lwzpb287ziv1jcn-just-1.40.0-man",
              "default": true
            },
            {
              "name": "doc",
              "path": "/nix/store/07mzqabzlrga8zmr6gm36v7w1xl9l0iq-just-1.40.0-doc"
            }
          ],
          "store_path": "/nix/store/gifnml1c5vyn5yyydmm72xfnbs9gz26x-just-1.40.0"
        },
        "x86_64-darwin": {
          "outputs": [
            {
              "name": "out",
              "path": "/nix/store/14fi0jwrlyh6sy569zi83m1h6gxn5i1w-just-1.40.0",
              "default": true
            },
            {
              "name": "man",
              "path": "/nix/store/glk3qw76bwq8li4lnpwsyc96s3dxqdym-just-1.40.0-man",
              "default": true
            },
            {
              "name": "doc",
              "path": "/nix/store/6dqy5d5kxmbzkwl5rlwiwi1k0prqbhd9-just-1.40.0-doc"
            }
          ],
          "store_path": "/nix/store/14fi0jwrlyh6sy569zi83m1h6gxn5i1w-just-1.40.0"
        },
        "x86_64-linux": {
          "outputs": [
            {
              "name": "out",
              "path": "/nix/store/wjgv4gr41xj5nzvibr8awfwbqa4j14g4-just-1.40.0",
              "default": true
            },
            {
              "name": "man",
              "path": "/nix/store/zyndijhm5l86md2cfvrvrzvr0r51kjc5-just-1.40.0-man",
              "default": true
            },
            {
              "name": "doc",
              "path": "/nix/store/k44kaxh1r325a11khwvwc50xj4zs6k7y-just-1.40.0-doc"
            }
          ],
          "store_path": "/nix/store/wjgv4gr41xj5nzvibr8awfwbqa4j14g4-just-1.40.0"
        }
      }
    },
    "nodejs@latest": {
      "last_modified": "2025-06-20T02:24:11Z",
      "plugin_version": "0.0.2",
      "resolved": "github:NixOS/nixpkgs/076e8c6678d8c54204abcb4b1b14c366835a58bb#nodejs_24",
      "source": "devbox-search",
      "version": "24.2.0",
      "systems": {
        "aarch64-darwin": {
          "outputs": [
            {
              "name": "out",
              "path": "/nix/store/78xjsjxlz816m628i9qfq6zd64fl0vx5-nodejs-24.2.0",
              "default": true
            },
            {
              "name": "dev",
              "path": "/nix/store/2qhf80f0drm10689vzl87qbhgkhv3zkh-nodejs-24.2.0-dev"
            },
            {
              "name": "libv8",
              "path": "/nix/store/vipmr51fhqazkm0il4pw192n6y7l49p0-nodejs-24.2.0-libv8"
            }
          ],
          "store_path": "/nix/store/78xjsjxlz816m628i9qfq6zd64fl0vx5-nodejs-24.2.0"
        },
        "aarch64-linux": {
          "outputs": [
            {
              "name": "out",
              "path": "/nix/store/zsdzmv6pakijcwsmqx5pczxbalkxbpsd-nodejs-24.2.0",
              "default": true
            },
            {
              "name": "dev",
              "path": "/nix/store/hr03sbf7a0x5784ykxld3hx6lxgqq8qy-nodejs-24.2.0-dev"
            },
            {
              "name": "libv8",
              "path": "/nix/store/z113gnz8adqwsvw0gzjc9n8m57z2j01z-nodejs-24.2.0-libv8"
            }
          ],
          "store_path": "/nix/store/zsdzmv6pakijcwsmqx5pczxbalkxbpsd-nodejs-24.2.0"
        },
        "x86_64-darwin": {
          "outputs": [
            {
              "name": "out",
              "path": "/nix/store/z70bvy27sg2n936q9lkcmqq3s8zxwjf9-nodejs-24.2.0",
              "default": true
            },
            {
              "name": "libv8",
              "path": "/nix/store/bp2fjpbznyr93kwxlp5aw2j1xr6r3cg9-nodejs-24.2.0-libv8"
            },
            {
              "name": "dev",
              "path": "/nix/store/0fd6d99l9xgdq8l1plsymkhywkpif5w6-nodejs-24.2.0-dev"
            }
          ],
          "store_path": "/nix/store/z70bvy27sg2n936q9lkcmqq3s8zxwjf9-nodejs-24.2.0"
        },
        "x86_64-linux": {
          "outputs": [
            {
              "name": "out",
              "path": "/nix/store/azpqgrv58akzqkj8fq8kb5dyc2jjk7zk-nodejs-24.2.0",
              "default": true
            },
            {
              "name": "libv8",
              "path": "/nix/store/0277k6p1chq0f2ay559jiddj7z8rwgpm-nodejs-24.2.0-libv8"
            },
            {
              "name": "dev",
              "path": "/nix/store/5wsjgd9sdsa6ria1302dc85ps84rlk7z-nodejs-24.2.0-dev"
            }
          ],
          "store_path": "/nix/store/azpqgrv58akzqkj8fq8kb5dyc2jjk7zk-nodejs-24.2.0"
        }
      }
    },
    "pre-commit@latest": {
      "last_modified": "2025-06-20T02:24:11Z",
      "resolved": "github:NixOS/nixpkgs/076e8c6678d8c54204abcb4b1b14c366835a58bb#pre-commit",
      "source": "devbox-search",
      "version": "4.2.0",
      "systems": {
        "aarch64-darwin": {
          "outputs": [
            {
              "name": "out",
              "path": "/nix/store/gyznp2z3pd8wdkk0wzaz1pfnjrbfragr-pre-commit-4.2.0",
              "default": true
            },
            {
              "name": "dist",
              "path": "/nix/store/4hhmvq0z9b4lg2fap6jq9fjxvn97cy4l-pre-commit-4.2.0-dist"
            }
          ],
          "store_path": "/nix/store/gyznp2z3pd8wdkk0wzaz1pfnjrbfragr-pre-commit-4.2.0"
        },
        "aarch64-linux": {
          "outputs": [
            {
              "name": "out",
              "path": "/nix/store/d1adml1ax94z3cmmdh54aa5gb5b5lr9d-pre-commit-4.2.0",
              "default": true
            },
            {
              "name": "dist",
              "path": "/nix/store/xrfiwvbmd54d6djr5fdh1a3jnyv4w5hd-pre-commit-4.2.0-dist"
            }
          ],
          "store_path": "/nix/store/d1adml1ax94z3cmmdh54aa5gb5b5lr9d-pre-commit-4.2.0"
        },
        "x86_64-darwin": {
          "outputs": [
            {
              "name": "out",
              "path": "/nix/store/1sbi1q54qab5ap275zxrj9p65r1i09iy-pre-commit-4.2.0",
              "default": true
            },
            {
              "name": "dist",
              "path": "/nix/store/q2vvc95lbycahl1h8dzbqc84mg7s2fbz-pre-commit-4.2.0-dist"
            }
          ],
          "store_path": "/nix/store/1sbi1q54qab5ap275zxrj9p65r1i09iy-pre-commit-4.2.0"
        },
        "x86_64-linux": {
          "outputs": [
            {
              "name": "out",
              "path": "/nix/store/zxvldrm671gq69azfhwd78siy3zgzn40-pre-commit-4.2.0",
              "default": true
            },
            {
              "name": "dist",
              "path": "/nix/store/xvyw44yiz51j2blpghhfb1fpd4x9vkna-pre-commit-4.2.0-dist"
            }
          ],
          "store_path": "/nix/store/zxvldrm671gq69azfhwd78siy3zgzn40-pre-commit-4.2.0"
        }
      }
    }
  }
}
